Microsoft Visual Studio Solution File, Format Version 12.00
# Visual Studio 2012
Project("{FAE04EC0-301F-11D3-BF4B-00C04F79EFBC}") = "Lua GDExtension Test", "Lua GDExtension Test.csproj", "{F8505A49-F756-4B95-933F-420C7E799A10}"
EndProject
Global
	GlobalSection(SolutionConfigurationPlatforms) = preSolution
	Debug|Any CPU = Debug|Any CPU
	ExportDebug|Any CPU = ExportDebug|Any CPU
	ExportRelease|Any CPU = ExportRelease|Any CPU
	EndGlobalSection
	GlobalSection(ProjectConfigurationPlatforms) = postSolution
		{F8505A49-F756-4B95-933F-420C7E799A10}.Debug|Any CPU.ActiveCfg = Debug|Any CPU
		{F8505A49-F756-4B95-933F-420C7E799A10}.Debug|Any CPU.Build.0 = Debug|Any CPU
		{F8505A49-F756-4B95-933F-420C7E799A10}.ExportDebug|Any CPU.ActiveCfg = ExportDebug|Any CPU
		{F8505A49-F756-4B95-933F-420C7E799A10}.ExportDebug|Any CPU.Build.0 = ExportDebug|Any CPU
		{F8505A49-F756-4B95-933F-420C7E799A10}.ExportRelease|Any CPU.ActiveCfg = ExportRelease|Any CPU
		{F8505A49-F756-4B95-933F-420C7E799A10}.ExportRelease|Any CPU.Build.0 = ExportRelease|Any CPU
	EndGlobalSection
EndGlobal
